
Microsoft Visual Studio Solution File, Format Version 12.00
# Visual Studio Version 17
VisualStudioVersion = 17.11.35222.181
MinimumVisualStudioVersion = 10.0.40219.1
Project("{FAE04EC0-301F-11D3-BF4B-00C04F79EFBC}") = "UserRegistrationAPI", "UserRegistrationAPI.csproj", "{FED6C04D-C507-4645-A3B7-E1AFE7F0391A}"
EndProject
Global
	GlobalSection(SolutionConfigurationPlatforms) = preSolution
		Debug|Any CPU = Debug|Any CPU
		Release|Any CPU = Release|Any CPU
	EndGlobalSection
	GlobalSection(ProjectConfigurationPlatforms) = postSolution
		{FED6C04D-C507-4645-A3B7-E1AFE7F0391A}.Debug|Any CPU.ActiveCfg = Debug|Any CPU
		{FED6C04D-C507-4645-A3B7-E1AFE7F0391A}.Debug|Any CPU.Build.0 = Debug|Any CPU
		{FED6C04D-C507-4645-A3B7-E1AFE7F0391A}.Release|Any CPU.ActiveCfg = Release|Any CPU
		{FED6C04D-C507-4645-A3B7-E1AFE7F0391A}.Release|Any CPU.Build.0 = Release|Any CPU
	EndGlobalSection
	GlobalSection(SolutionProperties) = preSolution
		HideSolutionNode = FALSE
	EndGlobalSection
	GlobalSection(ExtensibilityGlobals) = postSolution
		SolutionGuid = {81E89D66-68DF-45E1-849A-2E6D455C5C62}
	EndGlobalSection
EndGlobal
